// !$*UTF8*$!
{
	archiveVersion = 1;
	classes = {
	};
	objectVersion = 56;
	objects = {

/* Begin PBXBuildFile section */
		2954D39F2BEDDCFE008B81DA /* Game_TimerApp.swift in Sources */ = {isa = PBXBuildFile; fileRef = 2954D39E2BEDDCFE008B81DA /* Game_TimerApp.swift */; };
		2954D3A12BEDDCFE008B81DA /* ContentView.swift in Sources */ = {isa = PBXBuildFile; fileRef = 2954D3A02BEDDCFE008B81DA /* ContentView.swift */; };
		2954D3A32BEDDCFF008B81DA /* Assets.xcassets in Resources */ = {isa = PBXBuildFile; fileRef = 2954D3A22BEDDCFF008B81DA /* Assets.xcassets */; };
		2954D3A62BEDDCFF008B81DA /* Preview Assets.xcassets in Resources */ = {isa = PBXBuildFile; fileRef = 2954D3A52BEDDCFF008B81DA /* Preview Assets.xcassets */; };
		2954D3B02BEDDCFF008B81DA /* Game_TimerTests.swift in Sources */ = {isa = PBXBuildFile; fileRef = 2954D3AF2BEDDCFF008B81DA /* Game_TimerTests.swift */; };
		2954D3BA2BEDDCFF008B81DA /* Game_TimerUITests.swift in Sources */ = {isa = PBXBuildFile; fileRef = 2954D3B92BEDDCFF008B81DA /* Game_TimerUITests.swift */; };
		2954D3BC2BEDDCFF008B81DA /* Game_TimerUITestsLaunchTests.swift in Sources */ = {isa = PBXBuildFile; fileRef = 2954D3BB2BEDDCFF008B81DA /* Game_TimerUITestsLaunchTests.swift */; };
/* End PBXBuildFile section */

/* Begin PBXContainerItemProxy section */
		2954D3AC2BEDDCFF008B81DA /* PBXContainerItemProxy */ = {
			isa = PBXContainerItemProxy;
			containerPortal = 2954D3932BEDDCFE008B81DA /* Project object */;
			proxyType = 1;
			remoteGlobalIDString = 2954D39A2BEDDCFE008B81DA;
			remoteInfo = "Game Timer";
		};
		2954D3B62BEDDCFF008B81DA /* PBXContainerItemProxy */ = {
			isa = PBXContainerItemProxy;
			containerPortal = 2954D3932BEDDCFE008B81DA /* Project object */;
			proxyType = 1;
			remoteGlobalIDString = 2954D39A2BEDDCFE008B81DA;
			remoteInfo = "Game Timer";
		};
/* End PBXContainerItemProxy section */

/* Begin PBXFileReference section */
		2954D39B2BEDDCFE008B81DA /* Game Timer.app */ = {isa = PBXFileReference; explicitFileType = wrapper.application; includeInIndex = 0; path = "Game Timer.app"; sourceTree = BUILT_PRODUCTS_DIR; };
		2954D39E2BEDDCFE008B81DA /* Game_TimerApp.swift */ = {isa = PBXFileReference; lastKnownFileType = sourcecode.swift; path = Game_TimerApp.swift; sourceTree = "<group>"; };
		2954D3A02BEDDCFE008B81DA /* ContentView.swift */ = {isa = PBXFileReference; lastKnownFileType = sourcecode.swift; path = ContentView.swift; sourceTree = "<group>"; };
		2954D3A22BEDDCFF008B81DA /* Assets.xcassets */ = {isa = PBXFileReference; lastKnownFileType = folder.assetcatalog; path = Assets.xcassets; sourceTree = "<group>"; };
		2954D3A52BEDDCFF008B81DA /* Preview Assets.xcassets */ = {isa = PBXFileReference; lastKnownFileType = folder.assetcatalog; path = "Preview Assets.xcassets"; sourceTree = "<group>"; };
		2954D3AB2BEDDCFF008B81DA /* Game TimerTests.xctest */ = {isa = PBXFileReference; explicitFileType = wrapper.cfbundle; includeInIndex = 0; path = "Game TimerTests.xctest"; sourceTree = BUILT_PRODUCTS_DIR; };
		2954D3AF2BEDDCFF008B81DA /* Game_TimerTests.swift */ = {isa = PBXFileReference; lastKnownFileType = sourcecode.swift; path = Game_TimerTests.swift; sourceTree = "<group>"; };
		2954D3B52BEDDCFF008B81DA /* Game TimerUITests.xctest */ = {isa = PBXFileReference; explicitFileType = wrapper.cfbundle; includeInIndex = 0; path = "Game TimerUITests.xctest"; sourceTree = BUILT_PRODUCTS_DIR; };
		2954D3B92BEDDCFF008B81DA /* Game_TimerUITests.swift */ = {isa = PBXFileReference; lastKnownFileType = sourcecode.swift; path = Game_TimerUITests.swift; sourceTree = "<group>"; };
		2954D3BB2BEDDCFF008B81DA /* Game_TimerUITestsLaunchTests.swift */ = {isa = PBXFileReference; lastKnownFileType = sourcecode.swift; path = Game_TimerUITestsLaunchTests.swift; sourceTree = "<group>"; };
/* End PBXFileReference section */

/* Begin PBXFrameworksBuildPhase section */
		2954D3982BEDDCFE008B81DA /* Frameworks */ = {
			isa = PBXFrameworksBuildPhase;
			buildActionMask = 2147483647;
			files = (
			);
			runOnlyForDeploymentPostprocessing = 0;
		};
		2954D3A82BEDDCFF008B81DA /* Frameworks */ = {
			isa = PBXFrameworksBuildPhase;
			buildActionMask = 2147483647;
			files = (
			);
			runOnlyForDeploymentPostprocessing = 0;
		};
		2954D3B22BEDDCFF008B81DA /* Frameworks */ = {
			isa = PBXFrameworksBuildPhase;
			buildActionMask = 2147483647;
			files = (
			);
			runOnlyForDeploymentPostprocessing = 0;
		};
/* End PBXFrameworksBuildPhase section */

/* Begin PBXGroup section */
		2954D3922BEDDCFE008B81DA = {
			isa = PBXGroup;
			children = (
				2954D39D2BEDDCFE008B81DA /* Game Timer */,
				2954D3AE2BEDDCFF008B81DA /* Game TimerTests */,
				2954D3B82BEDDCFF008B81DA /* Game TimerUITests */,
				2954D39C2BEDDCFE008B81DA /* Products */,
			);
			sourceTree = "<group>";
		};
		2954D39C2BEDDCFE008B81DA /* Products */ = {
			isa = PBXGroup;
			children = (
				2954D39B2BEDDCFE008B81DA /* Game Timer.app */,
				2954D3AB2BEDDCFF008B81DA /* Game TimerTests.xctest */,
				2954D3B52BEDDCFF008B81DA /* Game TimerUITests.xctest */,
			);
			name = Products;
			sourceTree = "<group>";
		};
		2954D39D2BEDDCFE008B81DA /* Game Timer */ = {
			isa = PBXGroup;
			children = (
				2954D39E2BEDDCFE008B81DA /* Game_TimerApp.swift */,
				2954D3A02BEDDCFE008B81DA /* ContentView.swift */,
				2954D3A22BEDDCFF008B81DA /* Assets.xcassets */,
				2954D3A42BEDDCFF008B81DA /* Preview Content */,
			);
			path = "Game Timer";
			sourceTree = "<group>";
		};
		2954D3A42BEDDCFF008B81DA /* Preview Content */ = {
			isa = PBXGroup;
			children = (
				2954D3A52BEDDCFF008B81DA /* Preview Assets.xcassets */,
			);
			path = "Preview Content";
			sourceTree = "<group>";
		};
		2954D3AE2BEDDCFF008B81DA /* Game TimerTests */ = {
			isa = PBXGroup;
			children = (
				2954D3AF2BEDDCFF008B81DA /* Game_TimerTests.swift */,
			);
			path = "Game TimerTests";
			sourceTree = "<group>";
		};
		2954D3B82BEDDCFF008B81DA /* Game TimerUITests */ = {
			isa = PBXGroup;
			children = (
				2954D3B92BEDDCFF008B81DA /* Game_TimerUITests.swift */,
				2954D3BB2BEDDCFF008B81DA /* Game_TimerUITestsLaunchTests.swift */,
			);
			path = "Game TimerUITests";
			sourceTree = "<group>";
		};
/* End PBXGroup section */

/* Begin PBXNativeTarget section */
		2954D39A2BEDDCFE008B81DA /* Game Timer */ = {
			isa = PBXNativeTarget;
			buildConfigurationList = 2954D3BF2BEDDCFF008B81DA /* Build configuration list for PBXNativeTarget "Game Timer" */;
			buildPhases = (
				2954D3972BEDDCFE008B81DA /* Sources */,
				2954D3982BEDDCFE008B81DA /* Frameworks */,
				2954D3992BEDDCFE008B81DA /* Resources */,
			);
			buildRules = (
			);
			dependencies = (
			);
			name = "Game Timer";
			productName = "Game Timer";
			productReference = 2954D39B2BEDDCFE008B81DA /* Game Timer.app */;
			productType = "com.apple.product-type.application";
		};
		2954D3AA2BEDDCFF008B81DA /* Game TimerTests */ = {
			isa = PBXNativeTarget;
			buildConfigurationList = 2954D3C22BEDDCFF008B81DA /* Build configuration list for PBXNativeTarget "Game TimerTests" */;
			buildPhases = (
				2954D3A72BEDDCFF008B81DA /* Sources */,
				2954D3A82BEDDCFF008B81DA /* Frameworks */,
				2954D3A92BEDDCFF008B81DA /* Resources */,
			);
			buildRules = (
			);
			dependencies = (
				2954D3AD2BEDDCFF008B81DA /* PBXTargetDependency */,
			);
			name = "Game TimerTests";
			productName = "Game TimerTests";
			productReference = 2954D3AB2BEDDCFF008B81DA /* Game TimerTests.xctest */;
			productType = "com.apple.product-type.bundle.unit-test";
		};
		2954D3B42BEDDCFF008B81DA /* Game TimerUITests */ = {
			isa = PBXNativeTarget;
			buildConfigurationList = 2954D3C52BEDDCFF008B81DA /* Build configuration list for PBXNativeTarget "Game TimerUITests" */;
			buildPhases = (
				2954D3B12BEDDCFF008B81DA /* Sources */,
				2954D3B22BEDDCFF008B81DA /* Frameworks */,
				2954D3B32BEDDCFF008B81DA /* Resources */,
			);
			buildRules = (
			);
			dependencies = (
				2954D3B72BEDDCFF008B81DA /* PBXTargetDependency */,
			);
			name = "Game TimerUITests";
			productName = "Game TimerUITests";
			productReference = 2954D3B52BEDDCFF008B81DA /* Game TimerUITests.xctest */;
			productType = "com.apple.product-type.bundle.ui-testing";
		};
/* End PBXNativeTarget section */

/* Begin PBXProject section */
		2954D3932BEDDCFE008B81DA /* Project object */ = {
			isa = PBXProject;
			attributes = {
				BuildIndependentTargetsInParallel = 1;
				LastSwiftUpdateCheck = 1530;
				LastUpgradeCheck = 1530;
				TargetAttributes = {
					2954D39A2BEDDCFE008B81DA = {
						CreatedOnToolsVersion = 15.3;
					};
					2954D3AA2BEDDCFF008B81DA = {
						CreatedOnToolsVersion = 15.3;
						TestTargetID = 2954D39A2BEDDCFE008B81DA;
					};
					2954D3B42BEDDCFF008B81DA = {
						CreatedOnToolsVersion = 15.3;
						TestTargetID = 2954D39A2BEDDCFE008B81DA;
					};
				};
			};
			buildConfigurationList = 2954D3962BEDDCFE008B81DA /* Build configuration list for PBXProject "Game Timer" */;
			compatibilityVersion = "Xcode 14.0";
			developmentRegion = en;
			hasScannedForEncodings = 0;
			knownRegions = (
				en,
				Base,
			);
			mainGroup = 2954D3922BEDDCFE008B81DA;
			productRefGroup = 2954D39C2BEDDCFE008B81DA /* Products */;
			projectDirPath = "";
			projectRoot = "";
			targets = (
				2954D39A2BEDDCFE008B81DA /* Game Timer */,
				2954D3AA2BEDDCFF008B81DA /* Game TimerTests */,
				2954D3B42BEDDCFF008B81DA /* Game TimerUITests */,
			);
		};
/* End PBXProject section */

/* Begin PBXResourcesBuildPhase section */
		2954D3992BEDDCFE008B81DA /* Resources */ = {
			isa = PBXResourcesBuildPhase;
			buildActionMask = 2147483647;
			files = (
				2954D3A62BEDDCFF008B81DA /* Preview Assets.xcassets in Resources */,
				2954D3A32BEDDCFF008B81DA /* Assets.xcassets in Resources */,
			);
			runOnlyForDeploymentPostprocessing = 0;
		};
		2954D3A92BEDDCFF008B81DA /* Resources */ = {
			isa = PBXResourcesBuildPhase;
			buildActionMask = 2147483647;
			files = (
			);
			runOnlyForDeploymentPostprocessing = 0;
		};
		2954D3B32BEDDCFF008B81DA /* Resources */ = {
			isa = PBXResourcesBuildPhase;
			buildActionMask = 2147483647;
			files = (
			);
			runOnlyForDeploymentPostprocessing = 0;
		};
/* End PBXResourcesBuildPhase section */

/* Begin PBXSourcesBuildPhase section */
		2954D3972BEDDCFE008B81DA /* Sources */ = {
			isa = PBXSourcesBuildPhase;
			buildActionMask = 2147483647;
			files = (
				2954D3A12BEDDCFE008B81DA /* ContentView.swift in Sources */,
				2954D39F2BEDDCFE008B81DA /* Game_TimerApp.swift in Sources */,
			);
			runOnlyForDeploymentPostprocessing = 0;
		};
		2954D3A72BEDDCFF008B81DA /* Sources */ = {
			isa = PBXSourcesBuildPhase;
			buildActionMask = 2147483647;
			files = (
				2954D3B02BEDDCFF008B81DA /* Game_TimerTests.swift in Sources */,
			);
			runOnlyForDeploymentPostprocessing = 0;
		};
		2954D3B12BEDDCFF008B81DA /* Sources */ = {
			isa = PBXSourcesBuildPhase;
			buildActionMask = 2147483647;
			files = (
				2954D3BC2BEDDCFF008B81DA /* Game_TimerUITestsLaunchTests.swift in Sources */,
				2954D3BA2BEDDCFF008B81DA /* Game_TimerUITests.swift in Sources */,
			);
			runOnlyForDeploymentPostprocessing = 0;
		};
/* End PBXSourcesBuildPhase section */

/* Begin PBXTargetDependency section */
		2954D3AD2BEDDCFF008B81DA /* PBXTargetDependency */ = {
			isa = PBXTargetDependency;
			target = 2954D39A2BEDDCFE008B81DA /* Game Timer */;
			targetProxy = 2954D3AC2BEDDCFF008B81DA /* PBXContainerItemProxy */;
		};
		2954D3B72BEDDCFF008B81DA /* PBXTargetDependency */ = {
			isa = PBXTargetDependency;
			target = 2954D39A2BEDDCFE008B81DA /* Game Timer */;
			targetProxy = 2954D3B62BEDDCFF008B81DA /* PBXContainerItemProxy */;
		};
/* End PBXTargetDependency section */

/* Begin XCBuildConfiguration section */
		2954D3BD2BEDDCFF008B81DA /* Debug */ = {
			isa = XCBuildConfiguration;
			buildSettings = {
				ALWAYS_SEARCH_USER_PATHS = NO;
				ASSETCATALOG_COMPILER_GENERATE_SWIFT_ASSET_SYMBOL_EXTENSIONS = YES;
				CLANG_ANALYZER_NONNULL = YES;
				CLANG_ANALYZER_NUMBER_OBJECT_CONVERSION = YES_AGGRESSIVE;
				CLANG_CXX_LANGUAGE_STANDARD = "gnu++20";
				CLANG_ENABLE_MODULES = YES;
				CLANG_ENABLE_OBJC_ARC = YES;
				CLANG_ENABLE_OBJC_WEAK = YES;
				CLANG_WARN_BLOCK_CAPTURE_AUTORELEASING = YES;
				CLANG_WARN_BOOL_CONVERSION = YES;
				CLANG_WARN_COMMA = YES;
				CLANG_WARN_CONSTANT_CONVERSION = YES;
				CLANG_WARN_DEPRECATED_OBJC_IMPLEMENTATIONS = YES;
				CLANG_WARN_DIRECT_OBJC_ISA_USAGE = YES_ERROR;
				CLANG_WARN_DOCUMENTATION_COMMENTS = YES;
				CLANG_WARN_EMPTY_BODY = YES;
				CLANG_WARN_ENUM_CONVERSION = YES;
				CLANG_WARN_INFINITE_RECURSION = YES;
				CLANG_WARN_INT_CONVERSION = YES;
				CLANG_WARN_NON_LITERAL_NULL_CONVERSION = YES;
				CLANG_WARN_OBJC_IMPLICIT_RETAIN_SELF = YES;
				CLANG_WARN_OBJC_LITERAL_CONVERSION = YES;
				CLANG_WARN_OBJC_ROOT_CLASS = YES_ERROR;
				CLANG_WARN_QUOTED_INCLUDE_IN_FRAMEWORK_HEADER = YES;
				CLANG_WARN_RANGE_LOOP_ANALYSIS = YES;
				CLANG_WARN_STRICT_PROTOTYPES = YES;
				CLANG_WARN_SUSPICIOUS_MOVE = YES;
				CLANG_WARN_UNGUARDED_AVAILABILITY = YES_AGGRESSIVE;
				CLANG_WARN_UNREACHABLE_CODE = YES;
				CLANG_WARN__DUPLICATE_METHOD_MATCH = YES;
				COPY_PHASE_STRIP = NO;
				DEBUG_INFORMATION_FORMAT = dwarf;
				ENABLE_STRICT_OBJC_MSGSEND = YES;
				ENABLE_TESTABILITY = YES;
				ENABLE_USER_SCRIPT_SANDBOXING = YES;
				GCC_C_LANGUAGE_STANDARD = gnu17;
				GCC_DYNAMIC_NO_PIC = NO;
				GCC_NO_COMMON_BLOCKS = YES;
				GCC_OPTIMIZATION_LEVEL = 0;
				GCC_PREPROCESSOR_DEFINITIONS = (
					"DEBUG=1",
					"$(inherited)",
				);
				GCC_WARN_64_TO_32_BIT_CONVERSION = YES;
				GCC_WARN_ABOUT_RETURN_TYPE = YES_ERROR;
				GCC_WARN_UNDECLARED_SELECTOR = YES;
				GCC_WARN_UNINITIALIZED_AUTOS = YES_AGGRESSIVE;
				GCC_WARN_UNUSED_FUNCTION = YES;
				GCC_WARN_UNUSED_VARIABLE = YES;
				IPHONEOS_DEPLOYMENT_TARGET = 17.4;
				LOCALIZATION_PREFERS_STRING_CATALOGS = YES;
				MTL_ENABLE_DEBUG_INFO = INCLUDE_SOURCE;
				MTL_FAST_MATH = YES;
				ONLY_ACTIVE_ARCH = YES;
				SDKROOT = iphoneos;
				SWIFT_ACTIVE_COMPILATION_CONDITIONS = "DEBUG $(inherited)";
				SWIFT_OPTIMIZATION_LEVEL = "-Onone";
			};
			name = Debug;
		};
		2954D3BE2BEDDCFF008B81DA /* Release */ = {
			isa = XCBuildConfiguration;
			buildSettings = {
				ALWAYS_SEARCH_USER_PATHS = NO;
				ASSETCATALOG_COMPILER_GENERATE_SWIFT_ASSET_SYMBOL_EXTENSIONS = YES;
				CLANG_ANALYZER_NONNULL = YES;
				CLANG_ANALYZER_NUMBER_OBJECT_CONVERSION = YES_AGGRESSIVE;
				CLANG_CXX_LANGUAGE_STANDARD = "gnu++20";
				CLANG_ENABLE_MODULES = YES;
				CLANG_ENABLE_OBJC_ARC = YES;
				CLANG_ENABLE_OBJC_WEAK = YES;
				CLANG_WARN_BLOCK_CAPTURE_AUTORELEASING = YES;
				CLANG_WARN_BOOL_CONVERSION = YES;
				CLANG_WARN_COMMA = YES;
				CLANG_WARN_CONSTANT_CONVERSION = YES;
				CLANG_WARN_DEPRECATED_OBJC_IMPLEMENTATIONS = YES;
				CLANG_WARN_DIRECT_OBJC_ISA_USAGE = YES_ERROR;
				CLANG_WARN_DOCUMENTATION_COMMENTS = YES;
				CLANG_WARN_EMPTY_BODY = YES;
				CLANG_WARN_ENUM_CONVERSION = YES;
				CLANG_WARN_INFINITE_RECURSION = YES;
				CLANG_WARN_INT_CONVERSION = YES;
				CLANG_WARN_NON_LITERAL_NULL_CONVERSION = YES;
				CLANG_WARN_OBJC_IMPLICIT_RETAIN_SELF = YES;
				CLANG_WARN_OBJC_LITERAL_CONVERSION = YES;
				CLANG_WARN_OBJC_ROOT_CLASS = YES_ERROR;
				CLANG_WARN_QUOTED_INCLUDE_IN_FRAMEWORK_HEADER = YES;
				CLANG_WARN_RANGE_LOOP_ANALYSIS = YES;
				CLANG_WARN_STRICT_PROTOTYPES = YES;
				CLANG_WARN_SUSPICIOUS_MOVE = YES;
				CLANG_WARN_UNGUARDED_AVAILABILITY = YES_AGGRESSIVE;
				CLANG_WARN_UNREACHABLE_CODE = YES;
				CLANG_WARN__DUPLICATE_METHOD_MATCH = YES;
				COPY_PHASE_STRIP = NO;
				DEBUG_INFORMATION_FORMAT = "dwarf-with-dsym";
				ENABLE_NS_ASSERTIONS = NO;
				ENABLE_STRICT_OBJC_MSGSEND = YES;
				ENABLE_USER_SCRIPT_SANDBOXING = YES;
				GCC_C_LANGUAGE_STANDARD = gnu17;
				GCC_NO_COMMON_BLOCKS = YES;
				GCC_WARN_64_TO_32_BIT_CONVERSION = YES;
				GCC_WARN_ABOUT_RETURN_TYPE = YES_ERROR;
				GCC_WARN_UNDECLARED_SELECTOR = YES;
				GCC_WARN_UNINITIALIZED_AUTOS = YES_AGGRESSIVE;
				GCC_WARN_UNUSED_FUNCTION = YES;
				GCC_WARN_UNUSED_VARIABLE = YES;
				IPHONEOS_DEPLOYMENT_TARGET = 17.4;
				LOCALIZATION_PREFERS_STRING_CATALOGS = YES;
				MTL_ENABLE_DEBUG_INFO = NO;
				MTL_FAST_MATH = YES;
				SDKROOT = iphoneos;
				SWIFT_COMPILATION_MODE = wholemodule;
				VALIDATE_PRODUCT = YES;
			};
			name = Release;
		};
		2954D3C02BEDDCFF008B81DA /* Debug */ = {
			isa = XCBuildConfiguration;
			buildSettings = {
				ASSETCATALOG_COMPILER_APPICON_NAME = AppIcon;
				ASSETCATALOG_COMPILER_GLOBAL_ACCENT_COLOR_NAME = AccentColor;
				CODE_SIGN_STYLE = Automatic;
				CURRENT_PROJECT_VERSION = 1;
				DEVELOPMENT_ASSET_PATHS = "\"Game Timer/Preview Content\"";
				ENABLE_PREVIEWS = YES;
				GENERATE_INFOPLIST_FILE = YES;
				INFOPLIST_KEY_UIApplicationSceneManifest_Generation = YES;
				INFOPLIST_KEY_UIApplicationSupportsIndirectInputEvents = YES;
				INFOPLIST_KEY_UILaunchScreen_Generation = YES;
				INFOPLIST_KEY_UISupportedInterfaceOrientations_iPad = "UIInterfaceOrientationPortrait UIInterfaceOrientationPortraitUpsideDown UIInterfaceOrientationLandscapeLeft UIInterfaceOrientationLandscapeRight";
				INFOPLIST_KEY_UISupportedInterfaceOrientations_iPhone = "UIInterfaceOrientationPortrait UIInterfaceOrientationLandscapeLeft UIInterfaceOrientationLandscapeRight";
				LD_RUNPATH_SEARCH_PATHS = (
					"$(inherited)",
					"@executable_path/Frameworks",
				);
				MARKETING_VERSION = 1.0;
				PRODUCT_BUNDLE_IDENTIFIER = "JeffMadeAThing.Game-Timer";
				PRODUCT_NAME = "$(TARGET_NAME)";
				SWIFT_EMIT_LOC_STRINGS = YES;
				SWIFT_VERSION = 5.0;
				TARGETED_DEVICE_FAMILY = "1,2";
			};
			name = Debug;
		};
		2954D3C12BEDDCFF008B81DA /* Release */ = {
			isa = XCBuildConfiguration;
			buildSettings = {
				ASSETCATALOG_COMPILER_APPICON_NAME = AppIcon;
				ASSETCATALOG_COMPILER_GLOBAL_ACCENT_COLOR_NAME = AccentColor;
				CODE_SIGN_STYLE = Automatic;
				CURRENT_PROJECT_VERSION = 1;
				DEVELOPMENT_ASSET_PATHS = "\"Game Timer/Preview Content\"";
				ENABLE_PREVIEWS = YES;
				GENERATE_INFOPLIST_FILE = YES;
				INFOPLIST_KEY_UIApplicationSceneManifest_Generation = YES;
				INFOPLIST_KEY_UIApplicationSupportsIndirectInputEvents = YES;
				INFOPLIST_KEY_UILaunchScreen_Generation = YES;
				INFOPLIST_KEY_UISupportedInterfaceOrientations_iPad = "UIInterfaceOrientationPortrait UIInterfaceOrientationPortraitUpsideDown UIInterfaceOrientationLandscapeLeft UIInterfaceOrientationLandscapeRight";
				INFOPLIST_KEY_UISupportedInterfaceOrientations_iPhone = "UIInterfaceOrientationPortrait UIInterfaceOrientationLandscapeLeft UIInterfaceOrientationLandscapeRight";
				LD_RUNPATH_SEARCH_PATHS = (
					"$(inherited)",
					"@executable_path/Frameworks",
				);
				MARKETING_VERSION = 1.0;
				PRODUCT_BUNDLE_IDENTIFIER = "JeffMadeAThing.Game-Timer";
				PRODUCT_NAME = "$(TARGET_NAME)";
				SWIFT_EMIT_LOC_STRINGS = YES;
				SWIFT_VERSION = 5.0;
				TARGETED_DEVICE_FAMILY = "1,2";
			};
			name = Release;
		};
		2954D3C32BEDDCFF008B81DA /* Debug */ = {
			isa = XCBuildConfiguration;
			buildSettings = {
				ALWAYS_EMBED_SWIFT_STANDARD_LIBRARIES = YES;
				BUNDLE_LOADER = "$(TEST_HOST)";
				CODE_SIGN_STYLE = Automatic;
				CURRENT_PROJECT_VERSION = 1;
				GENERATE_INFOPLIST_FILE = YES;
				IPHONEOS_DEPLOYMENT_TARGET = 17.4;
				MARKETING_VERSION = 1.0;
				PRODUCT_BUNDLE_IDENTIFIER = "JeffMadeAThing.Game-TimerTests";
				PRODUCT_NAME = "$(TARGET_NAME)";
				SWIFT_EMIT_LOC_STRINGS = NO;
				SWIFT_VERSION = 5.0;
				TARGETED_DEVICE_FAMILY = "1,2";
				TEST_HOST = "$(BUILT_PRODUCTS_DIR)/Game Timer.app/$(BUNDLE_EXECUTABLE_FOLDER_PATH)/Game Timer";
			};
			name = Debug;
		};
		2954D3C42BEDDCFF008B81DA /* Release */ = {
			isa = XCBuildConfiguration;
			buildSettings = {
				ALWAYS_EMBED_SWIFT_STANDARD_LIBRARIES = YES;
				BUNDLE_LOADER = "$(TEST_HOST)";
				CODE_SIGN_STYLE = Automatic;
				CURRENT_PROJECT_VERSION = 1;
				GENERATE_INFOPLIST_FILE = YES;
				IPHONEOS_DEPLOYMENT_TARGET = 17.4;
				MARKETING_VERSION = 1.0;
				PRODUCT_BUNDLE_IDENTIFIER = "JeffMadeAThing.Game-TimerTests";
				PRODUCT_NAME = "$(TARGET_NAME)";
				SWIFT_EMIT_LOC_STRINGS = NO;
				SWIFT_VERSION = 5.0;
				TARGETED_DEVICE_FAMILY = "1,2";
				TEST_HOST = "$(BUILT_PRODUCTS_DIR)/Game Timer.app/$(BUNDLE_EXECUTABLE_FOLDER_PATH)/Game Timer";
			};
			name = Release;
		};
		2954D3C62BEDDCFF008B81DA /* Debug */ = {
			isa = XCBuildConfiguration;
			buildSettings = {
				ALWAYS_EMBED_SWIFT_STANDARD_LIBRARIES = YES;
				CODE_SIGN_STYLE = Automatic;
				CURRENT_PROJECT_VERSION = 1;
				GENERATE_INFOPLIST_FILE = YES;
				MARKETING_VERSION = 1.0;
				PRODUCT_BUNDLE_IDENTIFIER = "JeffMadeAThing.Game-TimerUITests";
				PRODUCT_NAME = "$(TARGET_NAME)";
				SWIFT_EMIT_LOC_STRINGS = NO;
				SWIFT_VERSION = 5.0;
				TARGETED_DEVICE_FAMILY = "1,2";
				TEST_TARGET_NAME = "Game Timer";
			};
			name = Debug;
		};
		2954D3C72BEDDCFF008B81DA /* Release */ = {
			isa = XCBuildConfiguration;
			buildSettings = {
				ALWAYS_EMBED_SWIFT_STANDARD_LIBRARIES = YES;
				CODE_SIGN_STYLE = Automatic;
				CURRENT_PROJECT_VERSION = 1;
				GENERATE_INFOPLIST_FILE = YES;
				MARKETING_VERSION = 1.0;
				PRODUCT_BUNDLE_IDENTIFIER = "JeffMadeAThing.Game-TimerUITests";
				PRODUCT_NAME = "$(TARGET_NAME)";
				SWIFT_EMIT_LOC_STRINGS = NO;
				SWIFT_VERSION = 5.0;
				TARGETED_DEVICE_FAMILY = "1,2";
				TEST_TARGET_NAME = "Game Timer";
			};
			name = Release;
		};
/* End XCBuildConfiguration section */

/* Begin XCConfigurationList section */
		2954D3962BEDDCFE008B81DA /* Build configuration list for PBXProject "Game Timer" */ = {
			isa = XCConfigurationList;
			buildConfigurations = (
				2954D3BD2BEDDCFF008B81DA /* Debug */,
				2954D3BE2BEDDCFF008B81DA /* Release */,
			);
			defaultConfigurationIsVisible = 0;
			defaultConfigurationName = Release;
		};
		2954D3BF2BEDDCFF008B81DA /* Build configuration list for PBXNativeTarget "Game Timer" */ = {
			isa = XCConfigurationList;
			buildConfigurations = (
				2954D3C02BEDDCFF008B81DA /* Debug */,
				2954D3C12BEDDCFF008B81DA /* Release */,
			);
			defaultConfigurationIsVisible = 0;
			defaultConfigurationName = Release;
		};
		2954D3C22BEDDCFF008B81DA /* Build configuration list for PBXNativeTarget "Game TimerTests" */ = {
			isa = XCConfigurationList;
			buildConfigurations = (
				2954D3C32BEDDCFF008B81DA /* Debug */,
				2954D3C42BEDDCFF008B81DA /* Release */,
			);
			defaultConfigurationIsVisible = 0;
			defaultConfigurationName = Release;
		};
		2954D3C52BEDDCFF008B81DA /* Build configuration list for PBXNativeTarget "Game TimerUITests" */ = {
			isa = XCConfigurationList;
			buildConfigurations = (
				2954D3C62BEDDCFF008B81DA /* Debug */,
				2954D3C72BEDDCFF008B81DA /* Release */,
			);
			defaultConfigurationIsVisible = 0;
			defaultConfigurationName = Release;
		};
/* End XCConfigurationList section */
	};
	rootObject = 2954D3932BEDDCFE008B81DA /* Project object */;
}
